Microsoft Visual Studio Solution File, Format Version 12.00
# Visual Studio Version 17
VisualStudioVersion = 17.5.2.0
MinimumVisualStudioVersion = 10.0.40219.1
Project("{FAE04EC0-301F-11D3-BF4B-00C04F79EFBC}") = "ValidaBR.NET", "ValidaBR.NET.csproj", "{C88C2F2A-0990-8E5C-2890-6219BFA5864C}"
EndProject
Global
	GlobalSection(SolutionConfigurationPlatforms) = preSolution
		Debug|Any CPU = Debug|Any CPU
		Release|Any CPU = Release|Any CPU
	EndGlobalSection
	GlobalSection(ProjectConfigurationPlatforms) = postSolution
		{C88C2F2A-0990-8E5C-2890-6219BFA5864C}.Debug|Any CPU.ActiveCfg = Debug|Any CPU
		{C88C2F2A-0990-8E5C-2890-6219BFA5864C}.Debug|Any CPU.Build.0 = Debug|Any CPU
		{C88C2F2A-0990-8E5C-2890-6219BFA5864C}.Release|Any CPU.ActiveCfg = Release|Any CPU
		{C88C2F2A-0990-8E5C-2890-6219BFA5864C}.Release|Any CPU.Build.0 = Release|Any CPU
	EndGlobalSection
	GlobalSection(SolutionProperties) = preSolution
		HideSolutionNode = FALSE
	EndGlobalSection
	GlobalSection(ExtensibilityGlobals) = postSolution
		SolutionGuid = {BE9FA9E3-F970-4F5D-AFFE-385CCA3B5F06}
	EndGlobalSection
EndGlobal
